
Microsoft Visual Studio Solution File, Format Version 12.00
# Visual Studio Version 17
VisualStudioVersion = 17.5.33402.96
MinimumVisualStudioVersion = 10.0.40219.1
Project("{2150E333-8FDC-42A3-9474-1A3956D46DE8}") = "HTML to DOCX", "HTML to DOCX", "{6D375CE9-CD75-4B40-9E5C-E50ED85DAD3A}"
EndProject
Project("{9A19103F-16F7-4668-BE54-9A1E7A4F7556}") = "Convert HTML to DOCX bytes", "HTML to DOCX\Convert HTML to DOCX bytes\Convert HTML to DOCX bytes.csproj", "{4C8017D6-08B2-4BB4-A5C3-26165B1C9457}"
EndProject
Project("{9A19103F-16F7-4668-BE54-9A1E7A4F7556}") = "Convert HTML to DOCX file", "HTML to DOCX\Convert HTML to DOCX file\Convert HTML to DOCX file.csproj", "{6EF4EE79-5A04-46DA-B2D4-929682874B93}"
EndProject
Project("{9A19103F-16F7-4668-BE54-9A1E7A4F7556}") = "Convert HTML to DOCX Stream", "HTML to DOCX\Convert HTML to DOCX Stream\Convert HTML to DOCX Stream.csproj", "{F36AAEF2-4AA5-49EB-9AE1-C2B84A33EBA2}"
EndProject
Project("{2150E333-8FDC-42A3-9474-1A3956D46DE8}") = "HTML to RTF", "HTML to RTF", "{A8CFCED5-AD8B-4A0B-ACD4-1A8AF72F978F}"
EndProject
Project("{9A19103F-16F7-4668-BE54-9A1E7A4F7556}") = "Convert HTML to RTF file", "HTML to RTF\Convert HTML to RTF file\Convert HTML to RTF file.csproj", "{78F3CC38-38B2-495F-B3E3-0A31562612F9}"
EndProject
Project("{9A19103F-16F7-4668-BE54-9A1E7A4F7556}") = "Convert HTML to RTF Stream", "HTML to RTF\Convert HTML to RTF Stream\Convert HTML to RTF Stream.csproj", "{F0186BF2-04CC-4862-9202-0B9D7551D97F}"
EndProject
Project("{9A19103F-16F7-4668-BE54-9A1E7A4F7556}") = "Convert HTML url to DOCX file", "HTML to DOCX\Convert HTML url to DOCX file\Convert HTML url to DOCX file.csproj", "{128020ED-9C9B-429C-9AF1-883D5B1D90C7}"
EndProject
Project("{9A19103F-16F7-4668-BE54-9A1E7A4F7556}") = "Convert multiple HTML to DOCX files", "HTML to DOCX\Convert multiple HTML to DOCX files\Convert multiple HTML to DOCX files.csproj", "{190DB962-1AEF-4C14-89DC-A2ABD719BF09}"
EndProject
Project("{9A19103F-16F7-4668-BE54-9A1E7A4F7556}") = "Convert HTML to RTF string", "HTML to RTF\Convert HTML to RTF string\Convert HTML to RTF string.csproj", "{87310746-3873-4C37-979C-6BFBBE17EE7D}"
EndProject
Project("{9A19103F-16F7-4668-BE54-9A1E7A4F7556}") = "Convert HTML url to RTF file", "HTML to RTF\Convert HTML url to RTF file\Convert HTML url to RTF file.csproj", "{166DDCD0-AC3E-4823-A444-24005D8F0CCD}"
EndProject
Project("{9A19103F-16F7-4668-BE54-9A1E7A4F7556}") = "Convert multiple HTML to RTF files", "HTML to RTF\Convert multiple HTML to RTF files\Convert multiple HTML to RTF files.csproj", "{612A319F-AA84-4CA6-9046-6A2F6A53D76B}"
EndProject
Project("{2150E333-8FDC-42A3-9474-1A3956D46DE8}") = "HTML to Text", "HTML to Text", "{85DA79B6-FCD8-433B-AF07-D4B0B13F4F04}"
EndProject
Project("{9A19103F-16F7-4668-BE54-9A1E7A4F7556}") = "Convert HTML to Text file", "HTML to Text\Convert HTML to Text file\Convert HTML to Text file.csproj", "{2AF64339-8AD4-437A-A4E5-C467B3C703E8}"
EndProject
Project("{9A19103F-16F7-4668-BE54-9A1E7A4F7556}") = "Convert HTML to Text Stream", "HTML to Text\Convert HTML to Text Stream\Convert HTML to Text Stream.csproj", "{84251784-0775-42A1-98CA-4CE4E8C65848}"
EndProject
Project("{9A19103F-16F7-4668-BE54-9A1E7A4F7556}") = "Convert HTML to Text string", "HTML to Text\Convert HTML to Text string\Convert HTML to Text string.csproj", "{2C9756A5-1160-434E-8621-5F911B3A065E}"
EndProject
Project("{9A19103F-16F7-4668-BE54-9A1E7A4F7556}") = "Convert multiple HTML to Text files", "HTML to Text\Convert multiple HTML to Text files\Convert multiple HTML to Text files.csproj", "{D4409C7C-9461-4F21-84EC-9FDB9186ABE1}"
EndProject
Project("{2150E333-8FDC-42A3-9474-1A3956D46DE8}") = "Merge and Replace", "Merge and Replace", "{8B90825D-5F6F-4DF1-8108-EF0BED7148DC}"
EndProject
Project("{9A19103F-16F7-4668-BE54-9A1E7A4F7556}") = "Merge multiple RTF files", "Merge and Replace\Merge multiple RTF files\Merge multiple RTF files.csproj", "{FB35DC84-FA4F-44E1-B695-0EDE4A98331C}"
EndProject
Project("{9A19103F-16F7-4668-BE54-9A1E7A4F7556}") = "Merge two RTF documents in memory", "Merge and Replace\Merge two RTF documents in memory\Merge two RTF documents in memory.csproj", "{590927C3-4D0B-41D5-B550-CFB717DAA992}"
EndProject
Project("{9A19103F-16F7-4668-BE54-9A1E7A4F7556}") = "Replace value in RTF document by another RTF", "Merge and Replace\Replace value in RTF document by another RTF\Replace value in RTF document by another RTF.csproj", "{553759EA-E09D-4B60-974F-F1D047BBE8D7}"
EndProject
Project("{2150E333-8FDC-42A3-9474-1A3956D46DE8}") = "Product Activation", "Product Activation", "{7D18A8C5-1ED1-4118-8F32-8D0CFC0544EC}"
EndProject
Project("{9A19103F-16F7-4668-BE54-9A1E7A4F7556}") = "Product Activation", "Product Activation\Product Activation.csproj", "{3603BF04-EDBC-493F-A926-672FC988B170}"
EndProject
Project("{2150E333-8FDC-42A3-9474-1A3956D46DE8}") = "Properties and Settings", "Properties and Settings", "{AA4229D1-B24A-4DDD-B470-E59AC7931B26}"
EndProject
Project("{9A19103F-16F7-4668-BE54-9A1E7A4F7556}") = "Add page header and footer", "Properties and Settings\Add page header and footer\Add page header and footer.csproj", "{B8184FA8-7C2F-4496-B6D0-E2AD01682145}"
EndProject
Project("{9A19103F-16F7-4668-BE54-9A1E7A4F7556}") = "Add page numbers", "Properties and Settings\Add page numbers\Add page numbers.csproj", "{9CC2BFE3-756B-429E-A352-5624B117DB74}"
EndProject
Project("{9A19103F-16F7-4668-BE54-9A1E7A4F7556}") = "Set page size and margins", "Properties and Settings\Set page size and margins\Set page size and margins.csproj", "{0D6EC538-4064-4CC5-BE4C-7490F3F9A41A}"
EndProject
Project("{9A19103F-16F7-4668-BE54-9A1E7A4F7556}") = "Set single font family and size", "Properties and Settings\Set single font family and size\Set single font family and size.csproj", "{C56B3120-A2C4-4B70-8902-AAF8317610E4}"
EndProject
Global
	GlobalSection(SolutionConfigurationPlatforms) = preSolution
		Debug|Any CPU = Debug|Any CPU
		Release|Any CPU = Release|Any CPU
	EndGlobalSection
	GlobalSection(ProjectConfigurationPlatforms) = postSolution
		{4C8017D6-08B2-4BB4-A5C3-26165B1C9457}.Debug|Any CPU.ActiveCfg = Debug|Any CPU
		{4C8017D6-08B2-4BB4-A5C3-26165B1C9457}.Debug|Any CPU.Build.0 = Debug|Any CPU
		{4C8017D6-08B2-4BB4-A5C3-26165B1C9457}.Release|Any CPU.ActiveCfg = Release|Any CPU
		{4C8017D6-08B2-4BB4-A5C3-26165B1C9457}.Release|Any CPU.Build.0 = Release|Any CPU
		{6EF4EE79-5A04-46DA-B2D4-929682874B93}.Debug|Any CPU.ActiveCfg = Debug|Any CPU
		{6EF4EE79-5A04-46DA-B2D4-929682874B93}.Debug|Any CPU.Build.0 = Debug|Any CPU
		{6EF4EE79-5A04-46DA-B2D4-929682874B93}.Release|Any CPU.ActiveCfg = Release|Any CPU
		{6EF4EE79-5A04-46DA-B2D4-929682874B93}.Release|Any CPU.Build.0 = Release|Any CPU
		{F36AAEF2-4AA5-49EB-9AE1-C2B84A33EBA2}.Debug|Any CPU.ActiveCfg = Debug|Any CPU
		{F36AAEF2-4AA5-49EB-9AE1-C2B84A33EBA2}.Debug|Any CPU.Build.0 = Debug|Any CPU
		{F36AAEF2-4AA5-49EB-9AE1-C2B84A33EBA2}.Release|Any CPU.ActiveCfg = Release|Any CPU
		{F36AAEF2-4AA5-49EB-9AE1-C2B84A33EBA2}.Release|Any CPU.Build.0 = Release|Any CPU
		{78F3CC38-38B2-495F-B3E3-0A31562612F9}.Debug|Any CPU.ActiveCfg = Debug|Any CPU
		{78F3CC38-38B2-495F-B3E3-0A31562612F9}.Debug|Any CPU.Build.0 = Debug|Any CPU
		{78F3CC38-38B2-495F-B3E3-0A31562612F9}.Release|Any CPU.ActiveCfg = Release|Any CPU
		{78F3CC38-38B2-495F-B3E3-0A31562612F9}.Release|Any CPU.Build.0 = Release|Any CPU
		{F0186BF2-04CC-4862-9202-0B9D7551D97F}.Debug|Any CPU.ActiveCfg = Debug|Any CPU
		{F0186BF2-04CC-4862-9202-0B9D7551D97F}.Debug|Any CPU.Build.0 = Debug|Any CPU
		{F0186BF2-04CC-4862-9202-0B9D7551D97F}.Release|Any CPU.ActiveCfg = Release|Any CPU
		{F0186BF2-04CC-4862-9202-0B9D7551D97F}.Release|Any CPU.Build.0 = Release|Any CPU
		{128020ED-9C9B-429C-9AF1-883D5B1D90C7}.Debug|Any CPU.ActiveCfg = Debug|Any CPU
		{128020ED-9C9B-429C-9AF1-883D5B1D90C7}.Debug|Any CPU.Build.0 = Debug|Any CPU
		{128020ED-9C9B-429C-9AF1-883D5B1D90C7}.Release|Any CPU.ActiveCfg = Release|Any CPU
		{128020ED-9C9B-429C-9AF1-883D5B1D90C7}.Release|Any CPU.Build.0 = Release|Any CPU
		{190DB962-1AEF-4C14-89DC-A2ABD719BF09}.Debug|Any CPU.ActiveCfg = Debug|Any CPU
		{190DB962-1AEF-4C14-89DC-A2ABD719BF09}.Debug|Any CPU.Build.0 = Debug|Any CPU
		{190DB962-1AEF-4C14-89DC-A2ABD719BF09}.Release|Any CPU.ActiveCfg = Release|Any CPU
		{190DB962-1AEF-4C14-89DC-A2ABD719BF09}.Release|Any CPU.Build.0 = Release|Any CPU
		{87310746-3873-4C37-979C-6BFBBE17EE7D}.Debug|Any CPU.ActiveCfg = Debug|Any CPU
		{87310746-3873-4C37-979C-6BFBBE17EE7D}.Debug|Any CPU.Build.0 = Debug|Any CPU
		{87310746-3873-4C37-979C-6BFBBE17EE7D}.Release|Any CPU.ActiveCfg = Release|Any CPU
		{87310746-3873-4C37-979C-6BFBBE17EE7D}.Release|Any CPU.Build.0 = Release|Any CPU
		{166DDCD0-AC3E-4823-A444-24005D8F0CCD}.Debug|Any CPU.ActiveCfg = Debug|Any CPU
		{166DDCD0-AC3E-4823-A444-24005D8F0CCD}.Debug|Any CPU.Build.0 = Debug|Any CPU
		{166DDCD0-AC3E-4823-A444-24005D8F0CCD}.Release|Any CPU.ActiveCfg = Release|Any CPU
		{166DDCD0-AC3E-4823-A444-24005D8F0CCD}.Release|Any CPU.Build.0 = Release|Any CPU
		{612A319F-AA84-4CA6-9046-6A2F6A53D76B}.Debug|Any CPU.ActiveCfg = Debug|Any CPU
		{612A319F-AA84-4CA6-9046-6A2F6A53D76B}.Debug|Any CPU.Build.0 = Debug|Any CPU
		{612A319F-AA84-4CA6-9046-6A2F6A53D76B}.Release|Any CPU.ActiveCfg = Release|Any CPU
		{612A319F-AA84-4CA6-9046-6A2F6A53D76B}.Release|Any CPU.Build.0 = Release|Any CPU
		{2AF64339-8AD4-437A-A4E5-C467B3C703E8}.Debug|Any CPU.ActiveCfg = Debug|Any CPU
		{2AF64339-8AD4-437A-A4E5-C467B3C703E8}.Debug|Any CPU.Build.0 = Debug|Any CPU
		{2AF64339-8AD4-437A-A4E5-C467B3C703E8}.Release|Any CPU.ActiveCfg = Release|Any CPU
		{2AF64339-8AD4-437A-A4E5-C467B3C703E8}.Release|Any CPU.Build.0 = Release|Any CPU
		{84251784-0775-42A1-98CA-4CE4E8C65848}.Debug|Any CPU.ActiveCfg = Debug|Any CPU
		{84251784-0775-42A1-98CA-4CE4E8C65848}.Debug|Any CPU.Build.0 = Debug|Any CPU
		{84251784-0775-42A1-98CA-4CE4E8C65848}.Release|Any CPU.ActiveCfg = Release|Any CPU
		{84251784-0775-42A1-98CA-4CE4E8C65848}.Release|Any CPU.Build.0 = Release|Any CPU
		{2C9756A5-1160-434E-8621-5F911B3A065E}.Debug|Any CPU.ActiveCfg = Debug|Any CPU
		{2C9756A5-1160-434E-8621-5F911B3A065E}.Debug|Any CPU.Build.0 = Debug|Any CPU
		{2C9756A5-1160-434E-8621-5F911B3A065E}.Release|Any CPU.ActiveCfg = Release|Any CPU
		{2C9756A5-1160-434E-8621-5F911B3A065E}.Release|Any CPU.Build.0 = Release|Any CPU
		{D4409C7C-9461-4F21-84EC-9FDB9186ABE1}.Debug|Any CPU.ActiveCfg = Debug|Any CPU
		{D4409C7C-9461-4F21-84EC-9FDB9186ABE1}.Debug|Any CPU.Build.0 = Debug|Any CPU
		{D4409C7C-9461-4F21-84EC-9FDB9186ABE1}.Release|Any CPU.ActiveCfg = Release|Any CPU
		{D4409C7C-9461-4F21-84EC-9FDB9186ABE1}.Release|Any CPU.Build.0 = Release|Any CPU
		{FB35DC84-FA4F-44E1-B695-0EDE4A98331C}.Debug|Any CPU.ActiveCfg = Debug|Any CPU
		{FB35DC84-FA4F-44E1-B695-0EDE4A98331C}.Debug|Any CPU.Build.0 = Debug|Any CPU
		{FB35DC84-FA4F-44E1-B695-0EDE4A98331C}.Release|Any CPU.ActiveCfg = Release|Any CPU
		{FB35DC84-FA4F-44E1-B695-0EDE4A98331C}.Release|Any CPU.Build.0 = Release|Any CPU
		{590927C3-4D0B-41D5-B550-CFB717DAA992}.Debug|Any CPU.ActiveCfg = Debug|Any CPU
		{590927C3-4D0B-41D5-B550-CFB717DAA992}.Debug|Any CPU.Build.0 = Debug|Any CPU
		{590927C3-4D0B-41D5-B550-CFB717DAA992}.Release|Any CPU.ActiveCfg = Release|Any CPU
		{590927C3-4D0B-41D5-B550-CFB717DAA992}.Release|Any CPU.Build.0 = Release|Any CPU
		{553759EA-E09D-4B60-974F-F1D047BBE8D7}.Debug|Any CPU.ActiveCfg = Debug|Any CPU
		{553759EA-E09D-4B60-974F-F1D047BBE8D7}.Debug|Any CPU.Build.0 = Debug|Any CPU
		{553759EA-E09D-4B60-974F-F1D047BBE8D7}.Release|Any CPU.ActiveCfg = Release|Any CPU
		{553759EA-E09D-4B60-974F-F1D047BBE8D7}.Release|Any CPU.Build.0 = Release|Any CPU
		{3603BF04-EDBC-493F-A926-672FC988B170}.Debug|Any CPU.ActiveCfg = Debug|Any CPU
		{3603BF04-EDBC-493F-A926-672FC988B170}.Debug|Any CPU.Build.0 = Debug|Any CPU
		{3603BF04-EDBC-493F-A926-672FC988B170}.Release|Any CPU.ActiveCfg = Release|Any CPU
		{3603BF04-EDBC-493F-A926-672FC988B170}.Release|Any CPU.Build.0 = Release|Any CPU
		{B8184FA8-7C2F-4496-B6D0-E2AD01682145}.Debug|Any CPU.ActiveCfg = Debug|Any CPU
		{B8184FA8-7C2F-4496-B6D0-E2AD01682145}.Debug|Any CPU.Build.0 = Debug|Any CPU
		{B8184FA8-7C2F-4496-B6D0-E2AD01682145}.Release|Any CPU.ActiveCfg = Release|Any CPU
		{B8184FA8-7C2F-4496-B6D0-E2AD01682145}.Release|Any CPU.Build.0 = Release|Any CPU
		{9CC2BFE3-756B-429E-A352-5624B117DB74}.Debug|Any CPU.ActiveCfg = Debug|Any CPU
		{9CC2BFE3-756B-429E-A352-5624B117DB74}.Debug|Any CPU.Build.0 = Debug|Any CPU
		{9CC2BFE3-756B-429E-A352-5624B117DB74}.Release|Any CPU.ActiveCfg = Release|Any CPU
		{9CC2BFE3-756B-429E-A352-5624B117DB74}.Release|Any CPU.Build.0 = Release|Any CPU
		{0D6EC538-4064-4CC5-BE4C-7490F3F9A41A}.Debug|Any CPU.ActiveCfg = Debug|Any CPU
		{0D6EC538-4064-4CC5-BE4C-7490F3F9A41A}.Debug|Any CPU.Build.0 = Debug|Any CPU
		{0D6EC538-4064-4CC5-BE4C-7490F3F9A41A}.Release|Any CPU.ActiveCfg = Release|Any CPU
		{0D6EC538-4064-4CC5-BE4C-7490F3F9A41A}.Release|Any CPU.Build.0 = Release|Any CPU
		{C56B3120-A2C4-4B70-8902-AAF8317610E4}.Debug|Any CPU.ActiveCfg = Debug|Any CPU
		{C56B3120-A2C4-4B70-8902-AAF8317610E4}.Debug|Any CPU.Build.0 = Debug|Any CPU
		{C56B3120-A2C4-4B70-8902-AAF8317610E4}.Release|Any CPU.ActiveCfg = Release|Any CPU
		{C56B3120-A2C4-4B70-8902-AAF8317610E4}.Release|Any CPU.Build.0 = Release|Any CPU
	EndGlobalSection
	GlobalSection(SolutionProperties) = preSolution
		HideSolutionNode = FALSE
	EndGlobalSection
	GlobalSection(NestedProjects) = preSolution
		{4C8017D6-08B2-4BB4-A5C3-26165B1C9457} = {6D375CE9-CD75-4B40-9E5C-E50ED85DAD3A}
		{6EF4EE79-5A04-46DA-B2D4-929682874B93} = {6D375CE9-CD75-4B40-9E5C-E50ED85DAD3A}
		{F36AAEF2-4AA5-49EB-9AE1-C2B84A33EBA2} = {6D375CE9-CD75-4B40-9E5C-E50ED85DAD3A}
		{78F3CC38-38B2-495F-B3E3-0A31562612F9} = {A8CFCED5-AD8B-4A0B-ACD4-1A8AF72F978F}
		{F0186BF2-04CC-4862-9202-0B9D7551D97F} = {A8CFCED5-AD8B-4A0B-ACD4-1A8AF72F978F}
		{128020ED-9C9B-429C-9AF1-883D5B1D90C7} = {6D375CE9-CD75-4B40-9E5C-E50ED85DAD3A}
		{190DB962-1AEF-4C14-89DC-A2ABD719BF09} = {6D375CE9-CD75-4B40-9E5C-E50ED85DAD3A}
		{87310746-3873-4C37-979C-6BFBBE17EE7D} = {A8CFCED5-AD8B-4A0B-ACD4-1A8AF72F978F}
		{166DDCD0-AC3E-4823-A444-24005D8F0CCD} = {A8CFCED5-AD8B-4A0B-ACD4-1A8AF72F978F}
		{612A319F-AA84-4CA6-9046-6A2F6A53D76B} = {A8CFCED5-AD8B-4A0B-ACD4-1A8AF72F978F}
		{2AF64339-8AD4-437A-A4E5-C467B3C703E8} = {85DA79B6-FCD8-433B-AF07-D4B0B13F4F04}
		{84251784-0775-42A1-98CA-4CE4E8C65848} = {85DA79B6-FCD8-433B-AF07-D4B0B13F4F04}
		{2C9756A5-1160-434E-8621-5F911B3A065E} = {85DA79B6-FCD8-433B-AF07-D4B0B13F4F04}
		{D4409C7C-9461-4F21-84EC-9FDB9186ABE1} = {85DA79B6-FCD8-433B-AF07-D4B0B13F4F04}
		{FB35DC84-FA4F-44E1-B695-0EDE4A98331C} = {8B90825D-5F6F-4DF1-8108-EF0BED7148DC}
		{590927C3-4D0B-41D5-B550-CFB717DAA992} = {8B90825D-5F6F-4DF1-8108-EF0BED7148DC}
		{553759EA-E09D-4B60-974F-F1D047BBE8D7} = {8B90825D-5F6F-4DF1-8108-EF0BED7148DC}
		{3603BF04-EDBC-493F-A926-672FC988B170} = {7D18A8C5-1ED1-4118-8F32-8D0CFC0544EC}
		{B8184FA8-7C2F-4496-B6D0-E2AD01682145} = {AA4229D1-B24A-4DDD-B470-E59AC7931B26}
		{9CC2BFE3-756B-429E-A352-5624B117DB74} = {AA4229D1-B24A-4DDD-B470-E59AC7931B26}
		{0D6EC538-4064-4CC5-BE4C-7490F3F9A41A} = {AA4229D1-B24A-4DDD-B470-E59AC7931B26}
		{C56B3120-A2C4-4B70-8902-AAF8317610E4} = {AA4229D1-B24A-4DDD-B470-E59AC7931B26}
	EndGlobalSection
	GlobalSection(ExtensibilityGlobals) = postSolution
		SolutionGuid = {DE8DEA47-05BD-4062-A096-43ECFA109BF6}
	EndGlobalSection
EndGlobal
