
Microsoft Visual Studio Solution File, Format Version 12.00
# Visual Studio Version 17
VisualStudioVersion = 17.10.35122.118
MinimumVisualStudioVersion = 10.0.40219.1
Project("{9A19103F-16F7-4668-BE54-9A1E7A4F7556}") = "HTMLtoRTFDocker", "HTMLtoRTFDocker.csproj", "{4DFFCF96-63CE-4A98-8E56-0CF1A1D9F143}"
EndProject
Global
	GlobalSection(SolutionConfigurationPlatforms) = preSolution
		Debug|Any CPU = Debug|Any CPU
		Release|Any CPU = Release|Any CPU
	EndGlobalSection
	GlobalSection(ProjectConfigurationPlatforms) = postSolution
		{4DFFCF96-63CE-4A98-8E56-0CF1A1D9F143}.Debug|Any CPU.ActiveCfg = Debug|Any CPU
		{4DFFCF96-63CE-4A98-8E56-0CF1A1D9F143}.Debug|Any CPU.Build.0 = Debug|Any CPU
		{4DFFCF96-63CE-4A98-8E56-0CF1A1D9F143}.Release|Any CPU.ActiveCfg = Release|Any CPU
		{4DFFCF96-63CE-4A98-8E56-0CF1A1D9F143}.Release|Any CPU.Build.0 = Release|Any CPU
	EndGlobalSection
	GlobalSection(SolutionProperties) = preSolution
		HideSolutionNode = FALSE
	EndGlobalSection
	GlobalSection(ExtensibilityGlobals) = postSolution
		SolutionGuid = {2EE0BE87-B276-4C69-BBB4-7D985187790F}
	EndGlobalSection
EndGlobal
